
Microsoft Visual Studio Solution File, Format Version 12.00
# Visual Studio Version 16
VisualStudioVersion = 16.0.29123.89
MinimumVisualStudioVersion = 10.0.40219.1
Project("{FAE04EC0-301F-11D3-BF4B-00C04F79EFBC}") = "SerialPort_BT", "SerialPort_BT\SerialPort_BT.csproj", "{91BE78D5-3E9B-4B92-8DE4-5DE43E004458}"
EndProject
Global
	GlobalSection(SolutionConfigurationPlatforms) = preSolution
		Debug|Any CPU = Debug|Any CPU
		Release|Any CPU = Release|Any CPU
	EndGlobalSection
	GlobalSection(ProjectConfigurationPlatforms) = postSolution
		{91BE78D5-3E9B-4B92-8DE4-5DE43E004458}.Debug|Any CPU.ActiveCfg = Debug|Any CPU
		{91BE78D5-3E9B-4B92-8DE4-5DE43E004458}.Debug|Any CPU.Build.0 = Debug|Any CPU
		{91BE78D5-3E9B-4B92-8DE4-5DE43E004458}.Release|Any CPU.ActiveCfg = Release|Any CPU
		{91BE78D5-3E9B-4B92-8DE4-5DE43E004458}.Release|Any CPU.Build.0 = Release|Any CPU
	EndGlobalSection
	GlobalSection(SolutionProperties) = preSolution
		HideSolutionNode = FALSE
	EndGlobalSection
	GlobalSection(ExtensibilityGlobals) = postSolution
		SolutionGuid = {DA845CD0-2BC9-4743-9788-F2C04D34B2DC}
	EndGlobalSection
EndGlobal
